
Microsoft Visual Studio Solution File, Format Version 12.00
# Visual Studio 15
VisualStudioVersion = 15.0.27130.2026
MinimumVisualStudioVersion = 10.0.40219.1
Project("{FAE04EC0-301F-11D3-BF4B-00C04F79EFBC}") = "MyCompany", "MyCompany\MyCompany.csproj", "{A607D39D-27C5-4128-BFB8-1F836F799357}"
EndProject
Project("{FAE04EC0-301F-11D3-BF4B-00C04F79EFBC}") = "MyCompany.Tests", "MyCompany.Tests\MyCompany.Tests.csproj", "{8EB9665A-FF73-4984-9F9A-7E74378B49C3}"
EndProject
Global
	GlobalSection(SolutionConfigurationPlatforms) = preSolution
		Debug|Any CPU = Debug|Any CPU
		Release|Any CPU = Release|Any CPU
	EndGlobalSection
	GlobalSection(ProjectConfigurationPlatforms) = postSolution
		{A607D39D-27C5-4128-BFB8-1F836F799357}.Debug|Any CPU.ActiveCfg = Debug|Any CPU
		{A607D39D-27C5-4128-BFB8-1F836F799357}.Debug|Any CPU.Build.0 = Debug|Any CPU
		{A607D39D-27C5-4128-BFB8-1F836F799357}.Release|Any CPU.ActiveCfg = Release|Any CPU
		{A607D39D-27C5-4128-BFB8-1F836F799357}.Release|Any CPU.Build.0 = Release|Any CPU
		{8EB9665A-FF73-4984-9F9A-7E74378B49C3}.Debug|Any CPU.ActiveCfg = Debug|Any CPU
		{8EB9665A-FF73-4984-9F9A-7E74378B49C3}.Debug|Any CPU.Build.0 = Debug|Any CPU
		{8EB9665A-FF73-4984-9F9A-7E74378B49C3}.Release|Any CPU.ActiveCfg = Release|Any CPU
		{8EB9665A-FF73-4984-9F9A-7E74378B49C3}.Release|Any CPU.Build.0 = Release|Any CPU
	EndGlobalSection
	GlobalSection(SolutionProperties) = preSolution
		HideSolutionNode = FALSE
	EndGlobalSection
	GlobalSection(ExtensibilityGlobals) = postSolution
		SolutionGuid = {3D0948B1-C2CA-4B83-891E-C09F74BFC0EA}
	EndGlobalSection
EndGlobal
